
Microsoft Visual Studio Solution File, Format Version 12.00
# Visual Studio Version 17
VisualStudioVersion = 17.9.34728.123
MinimumVisualStudioVersion = 10.0.40219.1
Project("{FAE04EC0-301F-11D3-BF4B-00C04F79EFBC}") = "EcommerceApi", "EcommerceApi\EcommerceApi.csproj", "{B36ADC8F-1BEA-41C4-9FB8-57AC58D053BC}"
EndProject
Global
	GlobalSection(SolutionConfigurationPlatforms) = preSolution
		Debug|Any CPU = Debug|Any CPU
		Release|Any CPU = Release|Any CPU
	EndGlobalSection
	GlobalSection(ProjectConfigurationPlatforms) = postSolution
		{B36ADC8F-1BEA-41C4-9FB8-57AC58D053BC}.Debug|Any CPU.ActiveCfg = Debug|Any CPU
		{B36ADC8F-1BEA-41C4-9FB8-57AC58D053BC}.Debug|Any CPU.Build.0 = Debug|Any CPU
		{B36ADC8F-1BEA-41C4-9FB8-57AC58D053BC}.Release|Any CPU.ActiveCfg = Release|Any CPU
		{B36ADC8F-1BEA-41C4-9FB8-57AC58D053BC}.Release|Any CPU.Build.0 = Release|Any CPU
	EndGlobalSection
	GlobalSection(SolutionProperties) = preSolution
		HideSolutionNode = FALSE
	EndGlobalSection
	GlobalSection(ExtensibilityGlobals) = postSolution
		SolutionGuid = {7390024A-A6AD-4200-8451-446FB1FE1E5F}
	EndGlobalSection
EndGlobal
